
Microsoft Visual Studio Solution File, Format Version 12.00
# Visual Studio Version 17
VisualStudioVersion = 17.14.36327.8 d17.14
MinimumVisualStudioVersion = 10.0.40219.1
Project("{FAE04EC0-301F-11D3-BF4B-00C04F79EFBC}") = "Attributes", "Attributes\Attributes.csproj", "{3B2B1FC3-8257-4F6D-8F5B-B250CC989CC1}"
EndProject
Global
	GlobalSection(SolutionConfigurationPlatforms) = preSolution
		Debug|Any CPU = Debug|Any CPU
		Release|Any CPU = Release|Any CPU
	EndGlobalSection
	GlobalSection(ProjectConfigurationPlatforms) = postSolution
		{3B2B1FC3-8257-4F6D-8F5B-B250CC989CC1}.Debug|Any CPU.ActiveCfg = Debug|Any CPU
		{3B2B1FC3-8257-4F6D-8F5B-B250CC989CC1}.Debug|Any CPU.Build.0 = Debug|Any CPU
		{3B2B1FC3-8257-4F6D-8F5B-B250CC989CC1}.Release|Any CPU.ActiveCfg = Release|Any CPU
		{3B2B1FC3-8257-4F6D-8F5B-B250CC989CC1}.Release|Any CPU.Build.0 = Release|Any CPU
	EndGlobalSection
	GlobalSection(SolutionProperties) = preSolution
		HideSolutionNode = FALSE
	EndGlobalSection
	GlobalSection(ExtensibilityGlobals) = postSolution
		SolutionGuid = {784AA793-F4D7-4ED8-9D30-7CC19B92B632}
	EndGlobalSection
EndGlobal
