
Microsoft Visual Studio Solution File, Format Version 12.00
# Visual Studio Version 17
VisualStudioVersion = 17.14.36310.24 d17.14
MinimumVisualStudioVersion = 10.0.40219.1
Project("{FAE04EC0-301F-11D3-BF4B-00C04F79EFBC}") = "FileHandline", "FileHandline\FileHandline.csproj", "{EE27CB2E-B088-4233-8052-B7238FC6750F}"
EndProject
Global
	GlobalSection(SolutionConfigurationPlatforms) = preSolution
		Debug|Any CPU = Debug|Any CPU
		Release|Any CPU = Release|Any CPU
	EndGlobalSection
	GlobalSection(ProjectConfigurationPlatforms) = postSolution
		{EE27CB2E-B088-4233-8052-B7238FC6750F}.Debug|Any CPU.ActiveCfg = Debug|Any CPU
		{EE27CB2E-B088-4233-8052-B7238FC6750F}.Debug|Any CPU.Build.0 = Debug|Any CPU
		{EE27CB2E-B088-4233-8052-B7238FC6750F}.Release|Any CPU.ActiveCfg = Release|Any CPU
		{EE27CB2E-B088-4233-8052-B7238FC6750F}.Release|Any CPU.Build.0 = Release|Any CPU
	EndGlobalSection
	GlobalSection(SolutionProperties) = preSolution
		HideSolutionNode = FALSE
	EndGlobalSection
	GlobalSection(ExtensibilityGlobals) = postSolution
		SolutionGuid = {FB28E4A4-84E9-44CE-8A7A-4ADBBF92BE26}
	EndGlobalSection
EndGlobal
