
Microsoft Visual Studio Solution File, Format Version 12.00
# Visual Studio Version 17
VisualStudioVersion = 17.14.36310.24 d17.14
MinimumVisualStudioVersion = 10.0.40219.1
Project("{FAE04EC0-301F-11D3-BF4B-00C04F79EFBC}") = "ExceptionHandling", "ExceptionHandling\ExceptionHandling.csproj", "{7CDF0F1C-A364-4574-B3D9-618BC13944D7}"
EndProject
Global
	GlobalSection(SolutionConfigurationPlatforms) = preSolution
		Debug|Any CPU = Debug|Any CPU
		Release|Any CPU = Release|Any CPU
	EndGlobalSection
	GlobalSection(ProjectConfigurationPlatforms) = postSolution
		{7CDF0F1C-A364-4574-B3D9-618BC13944D7}.Debug|Any CPU.ActiveCfg = Debug|Any CPU
		{7CDF0F1C-A364-4574-B3D9-618BC13944D7}.Debug|Any CPU.Build.0 = Debug|Any CPU
		{7CDF0F1C-A364-4574-B3D9-618BC13944D7}.Release|Any CPU.ActiveCfg = Release|Any CPU
		{7CDF0F1C-A364-4574-B3D9-618BC13944D7}.Release|Any CPU.Build.0 = Release|Any CPU
	EndGlobalSection
	GlobalSection(SolutionProperties) = preSolution
		HideSolutionNode = FALSE
	EndGlobalSection
	GlobalSection(ExtensibilityGlobals) = postSolution
		SolutionGuid = {F9B6B545-462D-428F-9B68-C095A412F858}
	EndGlobalSection
EndGlobal
