
Microsoft Visual Studio Solution File, Format Version 12.00
# Visual Studio Version 17
VisualStudioVersion = 17.14.36310.24 d17.14
MinimumVisualStudioVersion = 10.0.40219.1
Project("{FAE04EC0-301F-11D3-BF4B-00C04F79EFBC}") = "Assignment1", "Assignment1\Assignment1.csproj", "{6CC49274-8F1B-49DB-95F2-F8E916A267C8}"
EndProject
Project("{FAE04EC0-301F-11D3-BF4B-00C04F79EFBC}") = "TestCalculation", "TestCalculation\TestCalculation.csproj", "{3ECE622D-D49F-4F60-8E95-D0FB13D71805}"
EndProject
Global
	GlobalSection(SolutionConfigurationPlatforms) = preSolution
		Debug|Any CPU = Debug|Any CPU
		Release|Any CPU = Release|Any CPU
	EndGlobalSection
	GlobalSection(ProjectConfigurationPlatforms) = postSolution
		{6CC49274-8F1B-49DB-95F2-F8E916A267C8}.Debug|Any CPU.ActiveCfg = Debug|Any CPU
		{6CC49274-8F1B-49DB-95F2-F8E916A267C8}.Debug|Any CPU.Build.0 = Debug|Any CPU
		{6CC49274-8F1B-49DB-95F2-F8E916A267C8}.Release|Any CPU.ActiveCfg = Release|Any CPU
		{6CC49274-8F1B-49DB-95F2-F8E916A267C8}.Release|Any CPU.Build.0 = Release|Any CPU
		{3ECE622D-D49F-4F60-8E95-D0FB13D71805}.Debug|Any CPU.ActiveCfg = Debug|Any CPU
		{3ECE622D-D49F-4F60-8E95-D0FB13D71805}.Debug|Any CPU.Build.0 = Debug|Any CPU
		{3ECE622D-D49F-4F60-8E95-D0FB13D71805}.Release|Any CPU.ActiveCfg = Release|Any CPU
		{3ECE622D-D49F-4F60-8E95-D0FB13D71805}.Release|Any CPU.Build.0 = Release|Any CPU
	EndGlobalSection
	GlobalSection(SolutionProperties) = preSolution
		HideSolutionNode = FALSE
	EndGlobalSection
	GlobalSection(ExtensibilityGlobals) = postSolution
		SolutionGuid = {3EC7D0BC-276A-43FF-AF01-FB570CA157CD}
	EndGlobalSection
EndGlobal
